{
  "version": "5",
  "specifiers": {
    "jsr:@std/assert@0.225": "0.225.3",
    "jsr:@std/internal@1": "1.0.14"
  },
  "jsr": {
    "@std/assert@0.225.3": {
      "integrity": "b3c2847aecf6955b50644cdb9cf072004ea3d1998dd7579fc0acb99dbb23bd4f",
      "dependencies": [
        "jsr:@std/internal"
      ]
    },
    "@std/internal@1.0.14": {
      "integrity": "291516b3d4c35024d6ffbc0a9df5bf4c64116e05b50012cf846710152d2ffdf7"
    }
  }
}
